
Microsoft Visual Studio Solution File, Format Version 12.00
# Visual Studio Version 18
VisualStudioVersion = 18.7.11919.86 stable
MinimumVisualStudioVersion = 10.0.40219.1
Project("{FAE04EC0-301F-11D3-BF4B-00C04F79EFBC}") = "SeasonsLib", "FourSeasonsLib\SeasonsLib.csproj", "{61F53A84-0CC2-466E-A701-6CDC0DDC9993}"
EndProject
Project("{FAE04EC0-301F-11D3-BF4B-00C04F79EFBC}") = "FourSeasonsLib.Tests", "FourSeasonsLib.Tests\FourSeasonsLib.Tests.csproj", "{5E395D11-37B3-4825-803E-7FC197B14BF3}"
EndProject
Global
	GlobalSection(SolutionConfigurationPlatforms) = preSolution
		Debug|Any CPU = Debug|Any CPU
		Release|Any CPU = Release|Any CPU
	EndGlobalSection
	GlobalSection(ProjectConfigurationPlatforms) = postSolution
		{61F53A84-0CC2-466E-A701-6CDC0DDC9993}.Debug|Any CPU.ActiveCfg = Debug|Any CPU
		{61F53A84-0CC2-466E-A701-6CDC0DDC9993}.Debug|Any CPU.Build.0 = Debug|Any CPU
		{61F53A84-0CC2-466E-A701-6CDC0DDC9993}.Release|Any CPU.ActiveCfg = Release|Any CPU
		{61F53A84-0CC2-466E-A701-6CDC0DDC9993}.Release|Any CPU.Build.0 = Release|Any CPU
		{5E395D11-37B3-4825-803E-7FC197B14BF3}.Debug|Any CPU.ActiveCfg = Debug|Any CPU
		{5E395D11-37B3-4825-803E-7FC197B14BF3}.Debug|Any CPU.Build.0 = Debug|Any CPU
		{5E395D11-37B3-4825-803E-7FC197B14BF3}.Release|Any CPU.ActiveCfg = Release|Any CPU
		{5E395D11-37B3-4825-803E-7FC197B14BF3}.Release|Any CPU.Build.0 = Release|Any CPU
	EndGlobalSection
	GlobalSection(SolutionProperties) = preSolution
		HideSolutionNode = FALSE
	EndGlobalSection
	GlobalSection(ExtensibilityGlobals) = postSolution
		SolutionGuid = {F5ECC372-E148-49C9-8930-7229721D9879}
	EndGlobalSection
EndGlobal
