
Microsoft Visual Studio Solution File, Format Version 12.00
# Visual Studio 15
VisualStudioVersion = 15.0.28307.705
MinimumVisualStudioVersion = 10.0.40219.1
Project("{FAE04EC0-301F-11D3-BF4B-00C04F79EFBC}") = "Kafka_Net", "Kafka_Net\Kafka_Net.csproj", "{59BD1BC2-067B-46A6-AB6C-F2ACDF0A9072}"
EndProject
Global
	GlobalSection(SolutionConfigurationPlatforms) = preSolution
		Debug|Any CPU = Debug|Any CPU
		Release|Any CPU = Release|Any CPU
	EndGlobalSection
	GlobalSection(ProjectConfigurationPlatforms) = postSolution
		{59BD1BC2-067B-46A6-AB6C-F2ACDF0A9072}.Debug|Any CPU.ActiveCfg = Debug|Any CPU
		{59BD1BC2-067B-46A6-AB6C-F2ACDF0A9072}.Debug|Any CPU.Build.0 = Debug|Any CPU
		{59BD1BC2-067B-46A6-AB6C-F2ACDF0A9072}.Release|Any CPU.ActiveCfg = Release|Any CPU
		{59BD1BC2-067B-46A6-AB6C-F2ACDF0A9072}.Release|Any CPU.Build.0 = Release|Any CPU
	EndGlobalSection
	GlobalSection(SolutionProperties) = preSolution
		HideSolutionNode = FALSE
	EndGlobalSection
	GlobalSection(ExtensibilityGlobals) = postSolution
		SolutionGuid = {E35A2C33-E501-45BF-97FB-67C853BEADED}
	EndGlobalSection
EndGlobal
